
Microsoft Visual Studio Solution File, Format Version 12.00
# Visual Studio Version 16
VisualStudioVersion = 16.0.29424.173
MinimumVisualStudioVersion = 10.0.40219.1
Project("{FAE04EC0-301F-11D3-BF4B-00C04F79EFBC}") = "App01_ConsultarCEP.UWP", "App01_ConsultarCEP.UWP\App01_ConsultarCEP.UWP.csproj", "{A03F5122-1256-431B-BCDF-73F6EE819FA3}"
EndProject
Project("{FAE04EC0-301F-11D3-BF4B-00C04F79EFBC}") = "App01_ConsultarCEP.Android", "App01_ConsultarCEP.Android\App01_ConsultarCEP.Android.csproj", "{D0C1D4E1-B6A0-4110-968D-37D7C67B65FC}"
EndProject
Project("{FAE04EC0-301F-11D3-BF4B-00C04F79EFBC}") = "App01_ConsultarCEP.iOS", "App01_ConsultarCEP.iOS\App01_ConsultarCEP.iOS.csproj", "{E8825716-485C-4523-925C-72424B8347E1}"
EndProject
Project("{FAE04EC0-301F-11D3-BF4B-00C04F79EFBC}") = "App01_ConsultarCEP", "App01_ConsultarCEP\App01_ConsultarCEP.csproj", "{4EFEE06C-AD7E-4584-85C3-2FB6798A9325}"
EndProject
Global
	GlobalSection(SolutionConfigurationPlatforms) = preSolution
		Debug|Any CPU = Debug|Any CPU
		Debug|ARM = Debug|ARM
		Debug|iPhone = Debug|iPhone
		Debug|iPhoneSimulator = Debug|iPhoneSimulator
		Debug|x64 = Debug|x64
		Debug|x86 = Debug|x86
		Release|Any CPU = Release|Any CPU
		Release|ARM = Release|ARM
		Release|iPhone = Release|iPhone
		Release|iPhoneSimulator = Release|iPhoneSimulator
		Release|x64 = Release|x64
		Release|x86 = Release|x86
	EndGlobalSection
	GlobalSection(ProjectConfigurationPlatforms) = postSolution
		{A03F5122-1256-431B-BCDF-73F6EE819FA3}.Debug|Any CPU.ActiveCfg = Debug|x86
		{A03F5122-1256-431B-BCDF-73F6EE819FA3}.Debug|Any CPU.Build.0 = Debug|x86
		{A03F5122-1256-431B-BCDF-73F6EE819FA3}.Debug|Any CPU.Deploy.0 = Debug|x86
		{A03F5122-1256-431B-BCDF-73F6EE819FA3}.Debug|ARM.ActiveCfg = Debug|ARM
		{A03F5122-1256-431B-BCDF-73F6EE819FA3}.Debug|ARM.Build.0 = Debug|ARM
		{A03F5122-1256-431B-BCDF-73F6EE819FA3}.Debug|ARM.Deploy.0 = Debug|ARM
		{A03F5122-1256-431B-BCDF-73F6EE819FA3}.Debug|iPhone.ActiveCfg = Debug|x86
		{A03F5122-1256-431B-BCDF-73F6EE819FA3}.Debug|iPhone.Build.0 = Debug|x86
		{A03F5122-1256-431B-BCDF-73F6EE819FA3}.Debug|iPhone.Deploy.0 = Debug|x86
		{A03F5122-1256-431B-BCDF-73F6EE819FA3}.Debug|iPhoneSimulator.ActiveCfg = Debug|x86
		{A03F5122-1256-431B-BCDF-73F6EE819FA3}.Debug|iPhoneSimulator.Build.0 = Debug|x86
		{A03F5122-1256-431B-BCDF-73F6EE819FA3}.Debug|iPhoneSimulator.Deploy.0 = Debug|x86
		{A03F5122-1256-431B-BCDF-73F6EE819FA3}.Debug|x64.ActiveCfg = Debug|x64
		{A03F5122-1256-431B-BCDF-73F6EE819FA3}.Debug|x64.Build.0 = Debug|x64
		{A03F5122-1256-431B-BCDF-73F6EE819FA3}.Debug|x64.Deploy.0 = Debug|x64
		{A03F5122-1256-431B-BCDF-73F6EE819FA3}.Debug|x86.ActiveCfg = Debug|x86
		{A03F5122-1256-431B-BCDF-73F6EE819FA3}.Debug|x86.Build.0 = Debug|x86
		{A03F5122-1256-431B-BCDF-73F6EE819FA3}.Debug|x86.Deploy.0 = Debug|x86
		{A03F5122-1256-431B-BCDF-73F6EE819FA3}.Release|Any CPU.ActiveCfg = Release|x86
		{A03F5122-1256-431B-BCDF-73F6EE819FA3}.Release|Any CPU.Build.0 = Release|x86
		{A03F5122-1256-431B-BCDF-73F6EE819FA3}.Release|Any CPU.Deploy.0 = Release|x86
		{A03F5122-1256-431B-BCDF-73F6EE819FA3}.Release|ARM.ActiveCfg = Release|ARM
		{A03F5122-1256-431B-BCDF-73F6EE819FA3}.Release|ARM.Build.0 = Release|ARM
		{A03F5122-1256-431B-BCDF-73F6EE819FA3}.Release|ARM.Deploy.0 = Release|ARM
		{A03F5122-1256-431B-BCDF-73F6EE819FA3}.Release|iPhone.ActiveCfg = Release|x86
		{A03F5122-1256-431B-BCDF-73F6EE819FA3}.Release|iPhone.Build.0 = Release|x86
		{A03F5122-1256-431B-BCDF-73F6EE819FA3}.Release|iPhone.Deploy.0 = Release|x86
		{A03F5122-1256-431B-BCDF-73F6EE819FA3}.Release|iPhoneSimulator.ActiveCfg = Release|x86
		{A03F5122-1256-431B-BCDF-73F6EE819FA3}.Release|iPhoneSimulator.Build.0 = Release|x86
		{A03F5122-1256-431B-BCDF-73F6EE819FA3}.Release|iPhoneSimulator.Deploy.0 = Release|x86
		{A03F5122-1256-431B-BCDF-73F6EE819FA3}.Release|x64.ActiveCfg = Release|x64
		{A03F5122-1256-431B-BCDF-73F6EE819FA3}.Release|x64.Build.0 = Release|x64
		{A03F5122-1256-431B-BCDF-73F6EE819FA3}.Release|x64.Deploy.0 = Release|x64
		{A03F5122-1256-431B-BCDF-73F6EE819FA3}.Release|x86.ActiveCfg = Release|x86
		{A03F5122-1256-431B-BCDF-73F6EE819FA3}.Release|x86.Build.0 = Release|x86
		{A03F5122-1256-431B-BCDF-73F6EE819FA3}.Release|x86.Deploy.0 = Release|x86
		{D0C1D4E1-B6A0-4110-968D-37D7C67B65FC}.Debug|Any CPU.ActiveCfg = Debug|Any CPU
		{D0C1D4E1-B6A0-4110-968D-37D7C67B65FC}.Debug|Any CPU.Build.0 = Debug|Any CPU
		{D0C1D4E1-B6A0-4110-968D-37D7C67B65FC}.Debug|Any CPU.Deploy.0 = Debug|Any CPU
		{D0C1D4E1-B6A0-4110-968D-37D7C67B65FC}.Debug|ARM.ActiveCfg = Debug|Any CPU
		{D0C1D4E1-B6A0-4110-968D-37D7C67B65FC}.Debug|ARM.Build.0 = Debug|Any CPU
		{D0C1D4E1-B6A0-4110-968D-37D7C67B65FC}.Debug|ARM.Deploy.0 = Debug|Any CPU
		{D0C1D4E1-B6A0-4110-968D-37D7C67B65FC}.Debug|iPhone.ActiveCfg = Debug|Any CPU
		{D0C1D4E1-B6A0-4110-968D-37D7C67B65FC}.Debug|iPhone.Build.0 = Debug|Any CPU
		{D0C1D4E1-B6A0-4110-968D-37D7C67B65FC}.Debug|iPhone.Deploy.0 = Debug|Any CPU
		{D0C1D4E1-B6A0-4110-968D-37D7C67B65FC}.Debug|iPhoneSimulator.ActiveCfg = Debug|Any CPU
		{D0C1D4E1-B6A0-4110-968D-37D7C67B65FC}.Debug|iPhoneSimulator.Build.0 = Debug|Any CPU
		{D0C1D4E1-B6A0-4110-968D-37D7C67B65FC}.Debug|iPhoneSimulator.Deploy.0 = Debug|Any CPU
		{D0C1D4E1-B6A0-4110-968D-37D7C67B65FC}.Debug|x64.ActiveCfg = Debug|Any CPU
		{D0C1D4E1-B6A0-4110-968D-37D7C67B65FC}.Debug|x64.Build.0 = Debug|Any CPU
		{D0C1D4E1-B6A0-4110-968D-37D7C67B65FC}.Debug|x64.Deploy.0 = Debug|Any CPU
		{D0C1D4E1-B6A0-4110-968D-37D7C67B65FC}.Debug|x86.ActiveCfg = Debug|Any CPU
		{D0C1D4E1-B6A0-4110-968D-37D7C67B65FC}.Debug|x86.Build.0 = Debug|Any CPU
		{D0C1D4E1-B6A0-4110-968D-37D7C67B65FC}.Debug|x86.Deploy.0 = Debug|Any CPU
		{D0C1D4E1-B6A0-4110-968D-37D7C67B65FC}.Release|Any CPU.ActiveCfg = Release|Any CPU
		{D0C1D4E1-B6A0-4110-968D-37D7C67B65FC}.Release|Any CPU.Build.0 = Release|Any CPU
		{D0C1D4E1-B6A0-4110-968D-37D7C67B65FC}.Release|Any CPU.Deploy.0 = Release|Any CPU
		{D0C1D4E1-B6A0-4110-968D-37D7C67B65FC}.Release|ARM.ActiveCfg = Release|Any CPU
		{D0C1D4E1-B6A0-4110-968D-37D7C67B65FC}.Release|ARM.Build.0 = Release|Any CPU
		{D0C1D4E1-B6A0-4110-968D-37D7C67B65FC}.Release|ARM.Deploy.0 = Release|Any CPU
		{D0C1D4E1-B6A0-4110-968D-37D7C67B65FC}.Release|iPhone.ActiveCfg = Release|Any CPU
		{D0C1D4E1-B6A0-4110-968D-37D7C67B65FC}.Release|iPhone.Build.0 = Release|Any CPU
		{D0C1D4E1-B6A0-4110-968D-37D7C67B65FC}.Release|iPhone.Deploy.0 = Release|Any CPU
		{D0C1D4E1-B6A0-4110-968D-37D7C67B65FC}.Release|iPhoneSimulator.ActiveCfg = Release|Any CPU
		{D0C1D4E1-B6A0-4110-968D-37D7C67B65FC}.Release|iPhoneSimulator.Build.0 = Release|Any CPU
		{D0C1D4E1-B6A0-4110-968D-37D7C67B65FC}.Release|iPhoneSimulator.Deploy.0 = Release|Any CPU
		{D0C1D4E1-B6A0-4110-968D-37D7C67B65FC}.Release|x64.ActiveCfg = Release|Any CPU
		{D0C1D4E1-B6A0-4110-968D-37D7C67B65FC}.Release|x64.Build.0 = Release|Any CPU
		{D0C1D4E1-B6A0-4110-968D-37D7C67B65FC}.Release|x64.Deploy.0 = Release|Any CPU
		{D0C1D4E1-B6A0-4110-968D-37D7C67B65FC}.Release|x86.ActiveCfg = Release|Any CPU
		{D0C1D4E1-B6A0-4110-968D-37D7C67B65FC}.Release|x86.Build.0 = Release|Any CPU
		{D0C1D4E1-B6A0-4110-968D-37D7C67B65FC}.Release|x86.Deploy.0 = Release|Any CPU
		{E8825716-485C-4523-925C-72424B8347E1}.Debug|Any CPU.ActiveCfg = Debug|iPhone
		{E8825716-485C-4523-925C-72424B8347E1}.Debug|Any CPU.Build.0 = Debug|iPhone
		{E8825716-485C-4523-925C-72424B8347E1}.Debug|Any CPU.Deploy.0 = Debug|iPhone
		{E8825716-485C-4523-925C-72424B8347E1}.Debug|ARM.ActiveCfg = Debug|iPhoneSimulator
		{E8825716-485C-4523-925C-72424B8347E1}.Debug|ARM.Build.0 = Debug|iPhoneSimulator
		{E8825716-485C-4523-925C-72424B8347E1}.Debug|ARM.Deploy.0 = Debug|iPhoneSimulator
		{E8825716-485C-4523-925C-72424B8347E1}.Debug|iPhone.ActiveCfg = Debug|iPhone
		{E8825716-485C-4523-925C-72424B8347E1}.Debug|iPhone.Build.0 = Debug|iPhone
		{E8825716-485C-4523-925C-72424B8347E1}.Debug|iPhone.Deploy.0 = Debug|iPhone
		{E8825716-485C-4523-925C-72424B8347E1}.Debug|iPhoneSimulator.ActiveCfg = Debug|iPhoneSimulator
		{E8825716-485C-4523-925C-72424B8347E1}.Debug|iPhoneSimulator.Build.0 = Debug|iPhoneSimulator
		{E8825716-485C-4523-925C-72424B8347E1}.Debug|iPhoneSimulator.Deploy.0 = Debug|iPhoneSimulator
		{E8825716-485C-4523-925C-72424B8347E1}.Debug|x64.ActiveCfg = Debug|iPhone
		{E8825716-485C-4523-925C-72424B8347E1}.Debug|x64.Build.0 = Debug|iPhone
		{E8825716-485C-4523-925C-72424B8347E1}.Debug|x64.Deploy.0 = Debug|iPhone
		{E8825716-485C-4523-925C-72424B8347E1}.Debug|x86.ActiveCfg = Debug|iPhone
		{E8825716-485C-4523-925C-72424B8347E1}.Debug|x86.Build.0 = Debug|iPhone
		{E8825716-485C-4523-925C-72424B8347E1}.Debug|x86.Deploy.0 = Debug|iPhone
		{E8825716-485C-4523-925C-72424B8347E1}.Release|Any CPU.ActiveCfg = Release|iPhone
		{E8825716-485C-4523-925C-72424B8347E1}.Release|Any CPU.Build.0 = Release|iPhone
		{E8825716-485C-4523-925C-72424B8347E1}.Release|Any CPU.Deploy.0 = Release|iPhone
		{E8825716-485C-4523-925C-72424B8347E1}.Release|ARM.ActiveCfg = Release|iPhone
		{E8825716-485C-4523-925C-72424B8347E1}.Release|ARM.Build.0 = Release|iPhone
		{E8825716-485C-4523-925C-72424B8347E1}.Release|ARM.Deploy.0 = Release|iPhone
		{E8825716-485C-4523-925C-72424B8347E1}.Release|iPhone.ActiveCfg = Release|iPhone
		{E8825716-485C-4523-925C-72424B8347E1}.Release|iPhone.Build.0 = Release|iPhone
		{E8825716-485C-4523-925C-72424B8347E1}.Release|iPhone.Deploy.0 = Release|iPhone
		{E8825716-485C-4523-925C-72424B8347E1}.Release|iPhoneSimulator.ActiveCfg = Release|iPhoneSimulator
		{E8825716-485C-4523-925C-72424B8347E1}.Release|iPhoneSimulator.Build.0 = Release|iPhoneSimulator
		{E8825716-485C-4523-925C-72424B8347E1}.Release|iPhoneSimulator.Deploy.0 = Release|iPhoneSimulator
		{E8825716-485C-4523-925C-72424B8347E1}.Release|x64.ActiveCfg = Release|iPhone
		{E8825716-485C-4523-925C-72424B8347E1}.Release|x64.Build.0 = Release|iPhone
		{E8825716-485C-4523-925C-72424B8347E1}.Release|x64.Deploy.0 = Release|iPhone
		{E8825716-485C-4523-925C-72424B8347E1}.Release|x86.ActiveCfg = Release|iPhone
		{E8825716-485C-4523-925C-72424B8347E1}.Release|x86.Build.0 = Release|iPhone
		{E8825716-485C-4523-925C-72424B8347E1}.Release|x86.Deploy.0 = Release|iPhone
		{4EFEE06C-AD7E-4584-85C3-2FB6798A9325}.Debug|Any CPU.ActiveCfg = Debug|Any CPU
		{4EFEE06C-AD7E-4584-85C3-2FB6798A9325}.Debug|Any CPU.Build.0 = Debug|Any CPU
		{4EFEE06C-AD7E-4584-85C3-2FB6798A9325}.Debug|Any CPU.Deploy.0 = Debug|Any CPU
		{4EFEE06C-AD7E-4584-85C3-2FB6798A9325}.Debug|ARM.ActiveCfg = Debug|Any CPU
		{4EFEE06C-AD7E-4584-85C3-2FB6798A9325}.Debug|ARM.Build.0 = Debug|Any CPU
		{4EFEE06C-AD7E-4584-85C3-2FB6798A9325}.Debug|ARM.Deploy.0 = Debug|Any CPU
		{4EFEE06C-AD7E-4584-85C3-2FB6798A9325}.Debug|iPhone.ActiveCfg = Debug|Any CPU
		{4EFEE06C-AD7E-4584-85C3-2FB6798A9325}.Debug|iPhone.Build.0 = Debug|Any CPU
		{4EFEE06C-AD7E-4584-85C3-2FB6798A9325}.Debug|iPhone.Deploy.0 = Debug|Any CPU
		{4EFEE06C-AD7E-4584-85C3-2FB6798A9325}.Debug|iPhoneSimulator.ActiveCfg = Debug|Any CPU
		{4EFEE06C-AD7E-4584-85C3-2FB6798A9325}.Debug|iPhoneSimulator.Build.0 = Debug|Any CPU
		{4EFEE06C-AD7E-4584-85C3-2FB6798A9325}.Debug|iPhoneSimulator.Deploy.0 = Debug|Any CPU
		{4EFEE06C-AD7E-4584-85C3-2FB6798A9325}.Debug|x64.ActiveCfg = Debug|Any CPU
		{4EFEE06C-AD7E-4584-85C3-2FB6798A9325}.Debug|x64.Build.0 = Debug|Any CPU
		{4EFEE06C-AD7E-4584-85C3-2FB6798A9325}.Debug|x64.Deploy.0 = Debug|Any CPU
		{4EFEE06C-AD7E-4584-85C3-2FB6798A9325}.Debug|x86.ActiveCfg = Debug|Any CPU
		{4EFEE06C-AD7E-4584-85C3-2FB6798A9325}.Debug|x86.Build.0 = Debug|Any CPU
		{4EFEE06C-AD7E-4584-85C3-2FB6798A9325}.Debug|x86.Deploy.0 = Debug|Any CPU
		{4EFEE06C-AD7E-4584-85C3-2FB6798A9325}.Release|Any CPU.ActiveCfg = Release|Any CPU
		{4EFEE06C-AD7E-4584-85C3-2FB6798A9325}.Release|Any CPU.Build.0 = Release|Any CPU
		{4EFEE06C-AD7E-4584-85C3-2FB6798A9325}.Release|Any CPU.Deploy.0 = Release|Any CPU
		{4EFEE06C-AD7E-4584-85C3-2FB6798A9325}.Release|ARM.ActiveCfg = Release|Any CPU
		{4EFEE06C-AD7E-4584-85C3-2FB6798A9325}.Release|ARM.Build.0 = Release|Any CPU
		{4EFEE06C-AD7E-4584-85C3-2FB6798A9325}.Release|ARM.Deploy.0 = Release|Any CPU
		{4EFEE06C-AD7E-4584-85C3-2FB6798A9325}.Release|iPhone.ActiveCfg = Release|Any CPU
		{4EFEE06C-AD7E-4584-85C3-2FB6798A9325}.Release|iPhone.Build.0 = Release|Any CPU
		{4EFEE06C-AD7E-4584-85C3-2FB6798A9325}.Release|iPhone.Deploy.0 = Release|Any CPU
		{4EFEE06C-AD7E-4584-85C3-2FB6798A9325}.Release|iPhoneSimulator.ActiveCfg = Release|Any CPU
		{4EFEE06C-AD7E-4584-85C3-2FB6798A9325}.Release|iPhoneSimulator.Build.0 = Release|Any CPU
		{4EFEE06C-AD7E-4584-85C3-2FB6798A9325}.Release|iPhoneSimulator.Deploy.0 = Release|Any CPU
		{4EFEE06C-AD7E-4584-85C3-2FB6798A9325}.Release|x64.ActiveCfg = Release|Any CPU
		{4EFEE06C-AD7E-4584-85C3-2FB6798A9325}.Release|x64.Build.0 = Release|Any CPU
		{4EFEE06C-AD7E-4584-85C3-2FB6798A9325}.Release|x64.Deploy.0 = Release|Any CPU
		{4EFEE06C-AD7E-4584-85C3-2FB6798A9325}.Release|x86.ActiveCfg = Release|Any CPU
		{4EFEE06C-AD7E-4584-85C3-2FB6798A9325}.Release|x86.Build.0 = Release|Any CPU
		{4EFEE06C-AD7E-4584-85C3-2FB6798A9325}.Release|x86.Deploy.0 = Release|Any CPU
	EndGlobalSection
	GlobalSection(SolutionProperties) = preSolution
		HideSolutionNode = FALSE
	EndGlobalSection
	GlobalSection(ExtensibilityGlobals) = postSolution
		SolutionGuid = {DA58206B-B4A4-42C0-9F93-701FC0AD32B7}
	EndGlobalSection
EndGlobal
